
Microsoft Visual Studio Solution File, Format Version 12.00
# Visual Studio Version 16
VisualStudioVersion = 16.0.28917.181
MinimumVisualStudioVersion = 10.0.40219.1
Project("{9A19103F-16F7-4668-BE54-9A1E7A4F7556}") = "ML.NET-Demo", "ML.NET-Demo\ML.NET-Demo.csproj", "{BFC83975-71C4-444A-B1BF-F69B4EA0E2DB}"
EndProject
Project("{9A19103F-16F7-4668-BE54-9A1E7A4F7556}") = "SentimentAnalysis", "SentimentAnalysis\SentimentAnalysis.csproj", "{23D407E6-EB7C-454B-B676-C94839E2BCD7}"
EndProject
Project("{9A19103F-16F7-4668-BE54-9A1E7A4F7556}") = "GitHubIssueClassification", "GitHubIssueClassification\GitHubIssueClassification.csproj", "{67178272-3D4E-40AB-BA46-715FCA1C35A0}"
EndProject
Project("{9A19103F-16F7-4668-BE54-9A1E7A4F7556}") = "TaxiFarePrediction", "TaxiFarePrediction\TaxiFarePrediction.csproj", "{EBC1C1DB-38CA-439D-A2C2-7D6B9D3C3A6A}"
EndProject
Project("{9A19103F-16F7-4668-BE54-9A1E7A4F7556}") = "IrisFlowerClustering", "IrisFlowerClustering\IrisFlowerClustering.csproj", "{83875CA2-F68A-46D3-B355-D4BC56F5F2E9}"
EndProject
Project("{FAE04EC0-301F-11D3-BF4B-00C04F79EFBC}") = "MovieRecommendation", "MovieRecommendation\MovieRecommendation.csproj", "{EEF4BEE6-C9EB-46F6-81F7-0BD2F6EE972B}"
EndProject
Global
	GlobalSection(SolutionConfigurationPlatforms) = preSolution
		Debug|Any CPU = Debug|Any CPU
		Release|Any CPU = Release|Any CPU
	EndGlobalSection
	GlobalSection(ProjectConfigurationPlatforms) = postSolution
		{BFC83975-71C4-444A-B1BF-F69B4EA0E2DB}.Debug|Any CPU.ActiveCfg = Debug|Any CPU
		{BFC83975-71C4-444A-B1BF-F69B4EA0E2DB}.Debug|Any CPU.Build.0 = Debug|Any CPU
		{BFC83975-71C4-444A-B1BF-F69B4EA0E2DB}.Release|Any CPU.ActiveCfg = Release|Any CPU
		{BFC83975-71C4-444A-B1BF-F69B4EA0E2DB}.Release|Any CPU.Build.0 = Release|Any CPU
		{23D407E6-EB7C-454B-B676-C94839E2BCD7}.Debug|Any CPU.ActiveCfg = Debug|Any CPU
		{23D407E6-EB7C-454B-B676-C94839E2BCD7}.Debug|Any CPU.Build.0 = Debug|Any CPU
		{23D407E6-EB7C-454B-B676-C94839E2BCD7}.Release|Any CPU.ActiveCfg = Release|Any CPU
		{23D407E6-EB7C-454B-B676-C94839E2BCD7}.Release|Any CPU.Build.0 = Release|Any CPU
		{67178272-3D4E-40AB-BA46-715FCA1C35A0}.Debug|Any CPU.ActiveCfg = Debug|Any CPU
		{67178272-3D4E-40AB-BA46-715FCA1C35A0}.Debug|Any CPU.Build.0 = Debug|Any CPU
		{67178272-3D4E-40AB-BA46-715FCA1C35A0}.Release|Any CPU.ActiveCfg = Release|Any CPU
		{67178272-3D4E-40AB-BA46-715FCA1C35A0}.Release|Any CPU.Build.0 = Release|Any CPU
		{EBC1C1DB-38CA-439D-A2C2-7D6B9D3C3A6A}.Debug|Any CPU.ActiveCfg = Debug|Any CPU
		{EBC1C1DB-38CA-439D-A2C2-7D6B9D3C3A6A}.Debug|Any CPU.Build.0 = Debug|Any CPU
		{EBC1C1DB-38CA-439D-A2C2-7D6B9D3C3A6A}.Release|Any CPU.ActiveCfg = Release|Any CPU
		{EBC1C1DB-38CA-439D-A2C2-7D6B9D3C3A6A}.Release|Any CPU.Build.0 = Release|Any CPU
		{83875CA2-F68A-46D3-B355-D4BC56F5F2E9}.Debug|Any CPU.ActiveCfg = Debug|Any CPU
		{83875CA2-F68A-46D3-B355-D4BC56F5F2E9}.Debug|Any CPU.Build.0 = Debug|Any CPU
		{83875CA2-F68A-46D3-B355-D4BC56F5F2E9}.Release|Any CPU.ActiveCfg = Release|Any CPU
		{83875CA2-F68A-46D3-B355-D4BC56F5F2E9}.Release|Any CPU.Build.0 = Release|Any CPU
		{EEF4BEE6-C9EB-46F6-81F7-0BD2F6EE972B}.Debug|Any CPU.ActiveCfg = Debug|Any CPU
		{EEF4BEE6-C9EB-46F6-81F7-0BD2F6EE972B}.Debug|Any CPU.Build.0 = Debug|Any CPU
		{EEF4BEE6-C9EB-46F6-81F7-0BD2F6EE972B}.Release|Any CPU.ActiveCfg = Release|Any CPU
		{EEF4BEE6-C9EB-46F6-81F7-0BD2F6EE972B}.Release|Any CPU.Build.0 = Release|Any CPU
	EndGlobalSection
	GlobalSection(SolutionProperties) = preSolution
		HideSolutionNode = FALSE
	EndGlobalSection
	GlobalSection(ExtensibilityGlobals) = postSolution
		SolutionGuid = {15B80E10-7901-4E08-9438-F1E8E70F7720}
	EndGlobalSection
EndGlobal
